
Microsoft Visual Studio Solution File, Format Version 12.00
# Visual Studio 15
VisualStudioVersion = 15.0.28307.421
MinimumVisualStudioVersion = 10.0.40219.1
Project("{8BC9CEB8-8B4A-11D0-8D11-00A0C91BC942}") = "DES", "DES\DES.vcxproj", "{FB2A48D9-0129-4AC7-97F0-747538720194}"
EndProject
Project("{8BC9CEB8-8B4A-11D0-8D11-00A0C91BC942}") = "UnitTest", "UnitTest\UnitTest.vcxproj", "{BC44C2A5-AAD0-4B5F-8184-E4885067B957}"
EndProject
Global
	GlobalSection(SolutionConfigurationPlatforms) = preSolution
		Debug|x64 = Debug|x64
		Debug|x86 = Debug|x86
		Release|x64 = Release|x64
		Release|x86 = Release|x86
	EndGlobalSection
	GlobalSection(ProjectConfigurationPlatforms) = postSolution
		{FB2A48D9-0129-4AC7-97F0-747538720194}.Debug|x64.ActiveCfg = Debug|x64
		{FB2A48D9-0129-4AC7-97F0-747538720194}.Debug|x64.Build.0 = Debug|x64
		{FB2A48D9-0129-4AC7-97F0-747538720194}.Debug|x86.ActiveCfg = Debug|x64
		{FB2A48D9-0129-4AC7-97F0-747538720194}.Debug|x86.Build.0 = Debug|x64
		{FB2A48D9-0129-4AC7-97F0-747538720194}.Release|x64.ActiveCfg = Release|x64
		{FB2A48D9-0129-4AC7-97F0-747538720194}.Release|x64.Build.0 = Release|x64
		{FB2A48D9-0129-4AC7-97F0-747538720194}.Release|x86.ActiveCfg = Debug|x64
		{FB2A48D9-0129-4AC7-97F0-747538720194}.Release|x86.Build.0 = Debug|x64
		{BC44C2A5-AAD0-4B5F-8184-E4885067B957}.Debug|x64.ActiveCfg = Debug|x64
		{BC44C2A5-AAD0-4B5F-8184-E4885067B957}.Debug|x64.Build.0 = Debug|x64
		{BC44C2A5-AAD0-4B5F-8184-E4885067B957}.Debug|x86.ActiveCfg = Debug|x64
		{BC44C2A5-AAD0-4B5F-8184-E4885067B957}.Debug|x86.Build.0 = Debug|x64
		{BC44C2A5-AAD0-4B5F-8184-E4885067B957}.Release|x64.ActiveCfg = Release|x64
		{BC44C2A5-AAD0-4B5F-8184-E4885067B957}.Release|x64.Build.0 = Release|x64
		{BC44C2A5-AAD0-4B5F-8184-E4885067B957}.Release|x86.ActiveCfg = Debug|x64
		{BC44C2A5-AAD0-4B5F-8184-E4885067B957}.Release|x86.Build.0 = Debug|x64
	EndGlobalSection
	GlobalSection(SolutionProperties) = preSolution
		HideSolutionNode = FALSE
	EndGlobalSection
	GlobalSection(ExtensibilityGlobals) = postSolution
		SolutionGuid = {28DA5FA9-28F1-4D3D-AB3B-FFC075F40772}
	EndGlobalSection
EndGlobal
